{
  "name": "0600-next-context-api-2",
  "lockfileVersion": 3,
  "requires": true,
  "packages": {
    "": {
      "devDependencies": {
        "@netlify/plugin-nextjs": "^5.15.1"
      }
    },
    "node_modules/@netlify/plugin-nextjs": {
      "version": "5.15.1",
      "resolved": "https://registry.npmjs.org/@netlify/plugin-nextjs/-/plugin-nextjs-5.15.1.tgz",
      "integrity": "sha512-HXm94tteOuA0FYwhkxjYIPe0zta+Dsu0wz7LnhfqVlaYcRaOLjHtd2vgfmpz3np/fx9TQg3gCfqGkXt2a9i7Aw==",
      "dev": true,
      "license": "MIT",
      "engines": {
        "node": ">=18.0.0"
      }
    }
  }
}
